
Microsoft Visual Studio Solution File, Format Version 12.00
# Visual Studio Version 17
VisualStudioVersion = 17.14.36121.58
MinimumVisualStudioVersion = 10.0.40219.1
Project("{FAE04EC0-301F-11D3-BF4B-00C04F79EFBC}") = "UMCPServer", "UMCPServer\UMCPServer.csproj", "{7D2892DB-4B85-7167-EA81-AF2507D78623}"
EndProject
Project("{FAE04EC0-301F-11D3-BF4B-00C04F79EFBC}") = "UMCPServer.Tests", "UMCPServer.Tests\UMCPServer.Tests.csproj", "{4296E35E-8382-1361-BF11-1B609B39C72B}"
EndProject
Global
	GlobalSection(SolutionConfigurationPlatforms) = preSolution
		Debug|Any CPU = Debug|Any CPU
		Release|Any CPU = Release|Any CPU
	EndGlobalSection
	GlobalSection(ProjectConfigurationPlatforms) = postSolution
		{7D2892DB-4B85-7167-EA81-AF2507D78623}.Debug|Any CPU.ActiveCfg = Debug|Any CPU
		{7D2892DB-4B85-7167-EA81-AF2507D78623}.Debug|Any CPU.Build.0 = Debug|Any CPU
		{7D2892DB-4B85-7167-EA81-AF2507D78623}.Release|Any CPU.ActiveCfg = Release|Any CPU
		{7D2892DB-4B85-7167-EA81-AF2507D78623}.Release|Any CPU.Build.0 = Release|Any CPU
		{4296E35E-8382-1361-BF11-1B609B39C72B}.Debug|Any CPU.ActiveCfg = Debug|Any CPU
		{4296E35E-8382-1361-BF11-1B609B39C72B}.Debug|Any CPU.Build.0 = Debug|Any CPU
		{4296E35E-8382-1361-BF11-1B609B39C72B}.Release|Any CPU.ActiveCfg = Release|Any CPU
		{4296E35E-8382-1361-BF11-1B609B39C72B}.Release|Any CPU.Build.0 = Release|Any CPU
	EndGlobalSection
	GlobalSection(SolutionProperties) = preSolution
		HideSolutionNode = FALSE
	EndGlobalSection
	GlobalSection(ExtensibilityGlobals) = postSolution
		SolutionGuid = {AA3D66E5-FA80-4A5B-A98C-735A0EB720BC}
	EndGlobalSection
EndGlobal
